// !$*UTF8*$!
{
	archiveVersion = 1;
	classes = {
	};
	objectVersion = 56;
	objects = {

/* Begin PBXBuildFile section */
		A58CB83E2AABB8D200174E4C /* AppDelegate.swift in Sources */ = {isa = PBXBuildFile; fileRef = A58CB83D2AABB8D200174E4C /* AppDelegate.swift */; };
		A58CB8402AABB8D200174E4C /* SceneDelegate.swift in Sources */ = {isa = PBXBuildFile; fileRef = A58CB83F2AABB8D200174E4C /* SceneDelegate.swift */; };
		A58CB8482AABB8D200174E4C /* ReactionTest.xcdatamodeld in Sources */ = {isa = PBXBuildFile; fileRef = A58CB8462AABB8D200174E4C /* ReactionTest.xcdatamodeld */; };
		A58CB84A2AABB8DB00174E4C /* Assets.xcassets in Resources */ = {isa = PBXBuildFile; fileRef = A58CB8492AABB8DB00174E4C /* Assets.xcassets */; };
		A58CB84D2AABB8DB00174E4C /* LaunchScreen.storyboard in Resources */ = {isa = PBXBuildFile; fileRef = A58CB84B2AABB8DB00174E4C /* LaunchScreen.storyboard */; };
		A58CB8552AABB94000174E4C /* MainViewController.swift in Sources */ = {isa = PBXBuildFile; fileRef = A58CB8542AABB93E00174E4C /* MainViewController.swift */; };
		A58CB8572AABBA5400174E4C /* ColorList.swift in Sources */ = {isa = PBXBuildFile; fileRef = A58CB8562AABBA5400174E4C /* ColorList.swift */; };
		A58CB8592AAC6A0100174E4C /* TrafficLightsView.swift in Sources */ = {isa = PBXBuildFile; fileRef = A58CB8582AAC6A0100174E4C /* TrafficLightsView.swift */; };
		A58CB87C2AADED2A00174E4C /* RxCocoa.framework in Frameworks */ = {isa = PBXBuildFile; fileRef = A58CB86A2AADEC8F00174E4C /* RxCocoa.framework */; };
		A58CB87D2AADED2A00174E4C /* RxCocoa.framework in Embed Frameworks */ = {isa = PBXBuildFile; fileRef = A58CB86A2AADEC8F00174E4C /* RxCocoa.framework */; settings = {ATTRIBUTES = (CodeSignOnCopy, RemoveHeadersOnCopy, ); }; };
		A58CB87E2AADED2A00174E4C /* RxRelay.framework in Frameworks */ = {isa = PBXBuildFile; fileRef = A58CB86C2AADEC8F00174E4C /* RxRelay.framework */; };
		A58CB87F2AADED2A00174E4C /* RxRelay.framework in Embed Frameworks */ = {isa = PBXBuildFile; fileRef = A58CB86C2AADEC8F00174E4C /* RxRelay.framework */; settings = {ATTRIBUTES = (CodeSignOnCopy, RemoveHeadersOnCopy, ); }; };
		A58CB8802AADED2A00174E4C /* RxSwift.framework in Frameworks */ = {isa = PBXBuildFile; fileRef = A58CB8682AADEC8F00174E4C /* RxSwift.framework */; };
		A58CB8812AADED2A00174E4C /* RxSwift.framework in Embed Frameworks */ = {isa = PBXBuildFile; fileRef = A58CB8682AADEC8F00174E4C /* RxSwift.framework */; settings = {ATTRIBUTES = (CodeSignOnCopy, RemoveHeadersOnCopy, ); }; };
		A58CB8842AADF8E900174E4C /* MainViewModel.swift in Sources */ = {isa = PBXBuildFile; fileRef = A58CB8832AADF8E900174E4C /* MainViewModel.swift */; };
		A58CB8882AAF20E700174E4C /* GameStatuses.swift in Sources */ = {isa = PBXBuildFile; fileRef = A58CB8872AAF20E700174E4C /* GameStatuses.swift */; };
/* End PBXBuildFile section */

/* Begin PBXContainerItemProxy section */
		A58CB8672AADEC8F00174E4C /* PBXContainerItemProxy */ = {
			isa = PBXContainerItemProxy;
			containerPortal = A58CB85A2AADEC8D00174E4C /* Rx.xcodeproj */;
			proxyType = 2;
			remoteGlobalIDString = C8A56AD71AD7424700B4673B;
			remoteInfo = RxSwift;
		};
		A58CB8692AADEC8F00174E4C /* PBXContainerItemProxy */ = {
			isa = PBXContainerItemProxy;
			containerPortal = A58CB85A2AADEC8D00174E4C /* Rx.xcodeproj */;
			proxyType = 2;
			remoteGlobalIDString = C809396D1B8A71760088E94D;
			remoteInfo = RxCocoa;
		};
		A58CB86B2AADEC8F00174E4C /* PBXContainerItemProxy */ = {
			isa = PBXContainerItemProxy;
			containerPortal = A58CB85A2AADEC8D00174E4C /* Rx.xcodeproj */;
			proxyType = 2;
			remoteGlobalIDString = A2897D53225CA1E7004EA481;
			remoteInfo = RxRelay;
		};
		A58CB86D2AADEC8F00174E4C /* PBXContainerItemProxy */ = {
			isa = PBXContainerItemProxy;
			containerPortal = A58CB85A2AADEC8D00174E4C /* Rx.xcodeproj */;
			proxyType = 2;
			remoteGlobalIDString = C8093BC71B8A71F00088E94D;
			remoteInfo = RxBlocking;
		};
		A58CB86F2AADEC8F00174E4C /* PBXContainerItemProxy */ = {
			isa = PBXContainerItemProxy;
			containerPortal = A58CB85A2AADEC8D00174E4C /* Rx.xcodeproj */;
			proxyType = 2;
			remoteGlobalIDString = C88FA50C1C25C44800CCFEA4;
			remoteInfo = RxTest;
		};
		A58CB8712AADEC8F00174E4C /* PBXContainerItemProxy */ = {
			isa = PBXContainerItemProxy;
			containerPortal = A58CB85A2AADEC8D00174E4C /* Rx.xcodeproj */;
			proxyType = 2;
			remoteGlobalIDString = C83508C31C386F6F0027C24C;
			remoteInfo = "AllTests-iOS";
		};
		A58CB8732AADEC8F00174E4C /* PBXContainerItemProxy */ = {
			isa = PBXContainerItemProxy;
			containerPortal = A58CB85A2AADEC8D00174E4C /* Rx.xcodeproj */;
			proxyType = 2;
			remoteGlobalIDString = C83509841C38740E0027C24C;
			remoteInfo = "AllTests-tvOS";
		};
		A58CB8752AADEC8F00174E4C /* PBXContainerItemProxy */ = {
			isa = PBXContainerItemProxy;
			containerPortal = A58CB85A2AADEC8D00174E4C /* Rx.xcodeproj */;
			proxyType = 2;
			remoteGlobalIDString = C83509941C38742C0027C24C;
			remoteInfo = "AllTests-macOS";
		};
		A58CB8772AADEC8F00174E4C /* PBXContainerItemProxy */ = {
			isa = PBXContainerItemProxy;
			containerPortal = A58CB85A2AADEC8D00174E4C /* Rx.xcodeproj */;
			proxyType = 2;
			remoteGlobalIDString = C85BA04B1C3878740075D68E;
			remoteInfo = Microoptimizations;
		};
		A58CB8792AADEC8F00174E4C /* PBXContainerItemProxy */ = {
			isa = PBXContainerItemProxy;
			containerPortal = A58CB85A2AADEC8D00174E4C /* Rx.xcodeproj */;
			proxyType = 2;
			remoteGlobalIDString = C8E8BA551E2C181A00A4AC2C;
			remoteInfo = Benchmarks;
		};
/* End PBXContainerItemProxy section */

/* Begin PBXCopyFilesBuildPhase section */
		A58CB8822AADED2A00174E4C /* Embed Frameworks */ = {
			isa = PBXCopyFilesBuildPhase;
			buildActionMask = 2147483647;
			dstPath = "";
			dstSubfolderSpec = 10;
			files = (
				A58CB87F2AADED2A00174E4C /* RxRelay.framework in Embed Frameworks */,
				A58CB87D2AADED2A00174E4C /* RxCocoa.framework in Embed Frameworks */,
				A58CB8812AADED2A00174E4C /* RxSwift.framework in Embed Frameworks */,
			);
			name = "Embed Frameworks";
			runOnlyForDeploymentPostprocessing = 0;
		};
/* End PBXCopyFilesBuildPhase section */

/* Begin PBXFileReference section */
		A58CB83A2AABB8D200174E4C /* ReactionTest.app */ = {isa = PBXFileReference; explicitFileType = wrapper.application; includeInIndex = 0; path = ReactionTest.app; sourceTree = BUILT_PRODUCTS_DIR; };
		A58CB83D2AABB8D200174E4C /* AppDelegate.swift */ = {isa = PBXFileReference; lastKnownFileType = sourcecode.swift; path = AppDelegate.swift; sourceTree = "<group>"; };
		A58CB83F2AABB8D200174E4C /* SceneDelegate.swift */ = {isa = PBXFileReference; lastKnownFileType = sourcecode.swift; path = SceneDelegate.swift; sourceTree = "<group>"; };
		A58CB8472AABB8D200174E4C /* ReactionTest.xcdatamodel */ = {isa = PBXFileReference; lastKnownFileType = wrapper.xcdatamodel; path = ReactionTest.xcdatamodel; sourceTree = "<group>"; };
		A58CB8492AABB8DB00174E4C /* Assets.xcassets */ = {isa = PBXFileReference; lastKnownFileType = folder.assetcatalog; path = Assets.xcassets; sourceTree = "<group>"; };
		A58CB84C2AABB8DB00174E4C /* Base */ = {isa = PBXFileReference; lastKnownFileType = file.storyboard; name = Base; path = Base.lproj/LaunchScreen.storyboard; sourceTree = "<group>"; };
		A58CB84E2AABB8DB00174E4C /* Info.plist */ = {isa = PBXFileReference; lastKnownFileType = text.plist.xml; path = Info.plist; sourceTree = "<group>"; };
		A58CB8542AABB93E00174E4C /* MainViewController.swift */ = {isa = PBXFileReference; fileEncoding = 4; lastKnownFileType = sourcecode.swift; path = MainViewController.swift; sourceTree = "<group>"; };
		A58CB8562AABBA5400174E4C /* ColorList.swift */ = {isa = PBXFileReference; lastKnownFileType = sourcecode.swift; path = ColorList.swift; sourceTree = "<group>"; };
		A58CB8582AAC6A0100174E4C /* TrafficLightsView.swift */ = {isa = PBXFileReference; lastKnownFileType = sourcecode.swift; path = TrafficLightsView.swift; sourceTree = "<group>"; };
		A58CB85A2AADEC8D00174E4C /* Rx.xcodeproj */ = {isa = PBXFileReference; lastKnownFileType = "wrapper.pb-project"; name = Rx.xcodeproj; path = Carthage/Checkouts/RxSwift/Rx.xcodeproj; sourceTree = "<group>"; };
		A58CB8832AADF8E900174E4C /* MainViewModel.swift */ = {isa = PBXFileReference; lastKnownFileType = sourcecode.swift; path = MainViewModel.swift; sourceTree = "<group>"; };
		A58CB8872AAF20E700174E4C /* GameStatuses.swift */ = {isa = PBXFileReference; lastKnownFileType = sourcecode.swift; path = GameStatuses.swift; sourceTree = "<group>"; };
/* End PBXFileReference section */

/* Begin PBXFrameworksBuildPhase section */
		A58CB8372AABB8D200174E4C /* Frameworks */ = {
			isa = PBXFrameworksBuildPhase;
			buildActionMask = 2147483647;
			files = (
				A58CB87E2AADED2A00174E4C /* RxRelay.framework in Frameworks */,
				A58CB87C2AADED2A00174E4C /* RxCocoa.framework in Frameworks */,
				A58CB8802AADED2A00174E4C /* RxSwift.framework in Frameworks */,
			);
			runOnlyForDeploymentPostprocessing = 0;
		};
/* End PBXFrameworksBuildPhase section */

/* Begin PBXGroup section */
		A58CB8312AABB8D200174E4C = {
			isa = PBXGroup;
			children = (
				A58CB85A2AADEC8D00174E4C /* Rx.xcodeproj */,
				A58CB83C2AABB8D200174E4C /* ReactionTest */,
				A58CB83B2AABB8D200174E4C /* Products */,
				A58CB87B2AADED2900174E4C /* Frameworks */,
			);
			sourceTree = "<group>";
		};
		A58CB83B2AABB8D200174E4C /* Products */ = {
			isa = PBXGroup;
			children = (
				A58CB83A2AABB8D200174E4C /* ReactionTest.app */,
			);
			name = Products;
			sourceTree = "<group>";
		};
		A58CB83C2AABB8D200174E4C /* ReactionTest */ = {
			isa = PBXGroup;
			children = (
				A58CB8832AADF8E900174E4C /* MainViewModel.swift */,
				A58CB8542AABB93E00174E4C /* MainViewController.swift */,
				A58CB8582AAC6A0100174E4C /* TrafficLightsView.swift */,
				A58CB83D2AABB8D200174E4C /* AppDelegate.swift */,
				A58CB83F2AABB8D200174E4C /* SceneDelegate.swift */,
				A58CB8562AABBA5400174E4C /* ColorList.swift */,
				A58CB8492AABB8DB00174E4C /* Assets.xcassets */,
				A58CB84B2AABB8DB00174E4C /* LaunchScreen.storyboard */,
				A58CB84E2AABB8DB00174E4C /* Info.plist */,
				A58CB8462AABB8D200174E4C /* ReactionTest.xcdatamodeld */,
				A58CB8872AAF20E700174E4C /* GameStatuses.swift */,
			);
			path = ReactionTest;
			sourceTree = "<group>";
		};
		A58CB85B2AADEC8D00174E4C /* Products */ = {
			isa = PBXGroup;
			children = (
				A58CB8682AADEC8F00174E4C /* RxSwift.framework */,
				A58CB86A2AADEC8F00174E4C /* RxCocoa.framework */,
				A58CB86C2AADEC8F00174E4C /* RxRelay.framework */,
				A58CB86E2AADEC8F00174E4C /* RxBlocking.framework */,
				A58CB8702AADEC8F00174E4C /* RxTest.framework */,
				A58CB8722AADEC8F00174E4C /* AllTests-iOS.xctest */,
				A58CB8742AADEC8F00174E4C /* AllTests-tvOS.xctest */,
				A58CB8762AADEC8F00174E4C /* AllTests-macOS.xctest */,
				A58CB8782AADEC8F00174E4C /* PerformanceTests.app */,
				A58CB87A2AADEC8F00174E4C /* Benchmarks.xctest */,
			);
			name = Products;
			sourceTree = "<group>";
		};
		A58CB87B2AADED2900174E4C /* Frameworks */ = {
			isa = PBXGroup;
			children = (
			);
			name = Frameworks;
			sourceTree = "<group>";
		};
/* End PBXGroup section */

/* Begin PBXNativeTarget section */
		A58CB8392AABB8D200174E4C /* ReactionTest */ = {
			isa = PBXNativeTarget;
			buildConfigurationList = A58CB8512AABB8DB00174E4C /* Build configuration list for PBXNativeTarget "ReactionTest" */;
			buildPhases = (
				A58CB8362AABB8D200174E4C /* Sources */,
				A58CB8372AABB8D200174E4C /* Frameworks */,
				A58CB8382AABB8D200174E4C /* Resources */,
				A58CB8822AADED2A00174E4C /* Embed Frameworks */,
			);
			buildRules = (
			);
			dependencies = (
			);
			name = ReactionTest;
			productName = ReactionTest;
			productReference = A58CB83A2AABB8D200174E4C /* ReactionTest.app */;
			productType = "com.apple.product-type.application";
		};
/* End PBXNativeTarget section */

/* Begin PBXProject section */
		A58CB8322AABB8D200174E4C /* Project object */ = {
			isa = PBXProject;
			attributes = {
				BuildIndependentTargetsInParallel = 1;
				LastSwiftUpdateCheck = 1430;
				LastUpgradeCheck = 1430;
				TargetAttributes = {
					A58CB8392AABB8D200174E4C = {
						CreatedOnToolsVersion = 14.3;
					};
				};
			};
			buildConfigurationList = A58CB8352AABB8D200174E4C /* Build configuration list for PBXProject "ReactionTest" */;
			compatibilityVersion = "Xcode 14.0";
			developmentRegion = en;
			hasScannedForEncodings = 0;
			knownRegions = (
				en,
				Base,
			);
			mainGroup = A58CB8312AABB8D200174E4C;
			productRefGroup = A58CB83B2AABB8D200174E4C /* Products */;
			projectDirPath = "";
			projectReferences = (
				{
					ProductGroup = A58CB85B2AADEC8D00174E4C /* Products */;
					ProjectRef = A58CB85A2AADEC8D00174E4C /* Rx.xcodeproj */;
				},
			);
			projectRoot = "";
			targets = (
				A58CB8392AABB8D200174E4C /* ReactionTest */,
			);
		};
/* End PBXProject section */

/* Begin PBXReferenceProxy section */
		A58CB8682AADEC8F00174E4C /* RxSwift.framework */ = {
			isa = PBXReferenceProxy;
			fileType = wrapper.framework;
			path = RxSwift.framework;
			remoteRef = A58CB8672AADEC8F00174E4C /* PBXContainerItemProxy */;
			sourceTree = BUILT_PRODUCTS_DIR;
		};
		A58CB86A2AADEC8F00174E4C /* RxCocoa.framework */ = {
			isa = PBXReferenceProxy;
			fileType = wrapper.framework;
			path = RxCocoa.framework;
			remoteRef = A58CB8692AADEC8F00174E4C /* PBXContainerItemProxy */;
			sourceTree = BUILT_PRODUCTS_DIR;
		};
		A58CB86C2AADEC8F00174E4C /* RxRelay.framework */ = {
			isa = PBXReferenceProxy;
			fileType = wrapper.framework;
			path = RxRelay.framework;
			remoteRef = A58CB86B2AADEC8F00174E4C /* PBXContainerItemProxy */;
			sourceTree = BUILT_PRODUCTS_DIR;
		};
		A58CB86E2AADEC8F00174E4C /* RxBlocking.framework */ = {
			isa = PBXReferenceProxy;
			fileType = wrapper.framework;
			path = RxBlocking.framework;
			remoteRef = A58CB86D2AADEC8F00174E4C /* PBXContainerItemProxy */;
			sourceTree = BUILT_PRODUCTS_DIR;
		};
		A58CB8702AADEC8F00174E4C /* RxTest.framework */ = {
			isa = PBXReferenceProxy;
			fileType = wrapper.framework;
			path = RxTest.framework;
			remoteRef = A58CB86F2AADEC8F00174E4C /* PBXContainerItemProxy */;
			sourceTree = BUILT_PRODUCTS_DIR;
		};
		A58CB8722AADEC8F00174E4C /* AllTests-iOS.xctest */ = {
			isa = PBXReferenceProxy;
			fileType = wrapper.cfbundle;
			path = "AllTests-iOS.xctest";
			remoteRef = A58CB8712AADEC8F00174E4C /* PBXContainerItemProxy */;
			sourceTree = BUILT_PRODUCTS_DIR;
		};
		A58CB8742AADEC8F00174E4C /* AllTests-tvOS.xctest */ = {
			isa = PBXReferenceProxy;
			fileType = wrapper.cfbundle;
			path = "AllTests-tvOS.xctest";
			remoteRef = A58CB8732AADEC8F00174E4C /* PBXContainerItemProxy */;
			sourceTree = BUILT_PRODUCTS_DIR;
		};
		A58CB8762AADEC8F00174E4C /* AllTests-macOS.xctest */ = {
			isa = PBXReferenceProxy;
			fileType = wrapper.cfbundle;
			path = "AllTests-macOS.xctest";
			remoteRef = A58CB8752AADEC8F00174E4C /* PBXContainerItemProxy */;
			sourceTree = BUILT_PRODUCTS_DIR;
		};
		A58CB8782AADEC8F00174E4C /* PerformanceTests.app */ = {
			isa = PBXReferenceProxy;
			fileType = wrapper.application;
			path = Microoptimizations.app;
			remoteRef = A58CB8772AADEC8F00174E4C /* PBXContainerItemProxy */;
			sourceTree = BUILT_PRODUCTS_DIR;
		};
		A58CB87A2AADEC8F00174E4C /* Benchmarks.xctest */ = {
			isa = PBXReferenceProxy;
			fileType = wrapper.cfbundle;
			path = Benchmarks.xctest;
			remoteRef = A58CB8792AADEC8F00174E4C /* PBXContainerItemProxy */;
			sourceTree = BUILT_PRODUCTS_DIR;
		};
/* End PBXReferenceProxy section */

/* Begin PBXResourcesBuildPhase section */
		A58CB8382AABB8D200174E4C /* Resources */ = {
			isa = PBXResourcesBuildPhase;
			buildActionMask = 2147483647;
			files = (
				A58CB84D2AABB8DB00174E4C /* LaunchScreen.storyboard in Resources */,
				A58CB84A2AABB8DB00174E4C /* Assets.xcassets in Resources */,
			);
			runOnlyForDeploymentPostprocessing = 0;
		};
/* End PBXResourcesBuildPhase section */

/* Begin PBXSourcesBuildPhase section */
		A58CB8362AABB8D200174E4C /* Sources */ = {
			isa = PBXSourcesBuildPhase;
			buildActionMask = 2147483647;
			files = (
				A58CB8842AADF8E900174E4C /* MainViewModel.swift in Sources */,
				A58CB83E2AABB8D200174E4C /* AppDelegate.swift in Sources */,
				A58CB8482AABB8D200174E4C /* ReactionTest.xcdatamodeld in Sources */,
				A58CB8882AAF20E700174E4C /* GameStatuses.swift in Sources */,
				A58CB8592AAC6A0100174E4C /* TrafficLightsView.swift in Sources */,
				A58CB8552AABB94000174E4C /* MainViewController.swift in Sources */,
				A58CB8572AABBA5400174E4C /* ColorList.swift in Sources */,
				A58CB8402AABB8D200174E4C /* SceneDelegate.swift in Sources */,
			);
			runOnlyForDeploymentPostprocessing = 0;
		};
/* End PBXSourcesBuildPhase section */

/* Begin PBXVariantGroup section */
		A58CB84B2AABB8DB00174E4C /* LaunchScreen.storyboard */ = {
			isa = PBXVariantGroup;
			children = (
				A58CB84C2AABB8DB00174E4C /* Base */,
			);
			name = LaunchScreen.storyboard;
			sourceTree = "<group>";
		};
/* End PBXVariantGroup section */

/* Begin XCBuildConfiguration section */
		A58CB84F2AABB8DB00174E4C /* Debug */ = {
			isa = XCBuildConfiguration;
			buildSettings = {
				ALWAYS_SEARCH_USER_PATHS = NO;
				CLANG_ANALYZER_NONNULL = YES;
				CLANG_ANALYZER_NUMBER_OBJECT_CONVERSION = YES_AGGRESSIVE;
				CLANG_CXX_LANGUAGE_STANDARD = "gnu++20";
				CLANG_ENABLE_MODULES = YES;
				CLANG_ENABLE_OBJC_ARC = YES;
				CLANG_ENABLE_OBJC_WEAK = YES;
				CLANG_WARN_BLOCK_CAPTURE_AUTORELEASING = YES;
				CLANG_WARN_BOOL_CONVERSION = YES;
				CLANG_WARN_COMMA = YES;
				CLANG_WARN_CONSTANT_CONVERSION = YES;
				CLANG_WARN_DEPRECATED_OBJC_IMPLEMENTATIONS = YES;
				CLANG_WARN_DIRECT_OBJC_ISA_USAGE = YES_ERROR;
				CLANG_WARN_DOCUMENTATION_COMMENTS = YES;
				CLANG_WARN_EMPTY_BODY = YES;
				CLANG_WARN_ENUM_CONVERSION = YES;
				CLANG_WARN_INFINITE_RECURSION = YES;
				CLANG_WARN_INT_CONVERSION = YES;
				CLANG_WARN_NON_LITERAL_NULL_CONVERSION = YES;
				CLANG_WARN_OBJC_IMPLICIT_RETAIN_SELF = YES;
				CLANG_WARN_OBJC_LITERAL_CONVERSION = YES;
				CLANG_WARN_OBJC_ROOT_CLASS = YES_ERROR;
				CLANG_WARN_QUOTED_INCLUDE_IN_FRAMEWORK_HEADER = YES;
				CLANG_WARN_RANGE_LOOP_ANALYSIS = YES;
				CLANG_WARN_STRICT_PROTOTYPES = YES;
				CLANG_WARN_SUSPICIOUS_MOVE = YES;
				CLANG_WARN_UNGUARDED_AVAILABILITY = YES_AGGRESSIVE;
				CLANG_WARN_UNREACHABLE_CODE = YES;
				CLANG_WARN__DUPLICATE_METHOD_MATCH = YES;
				COPY_PHASE_STRIP = NO;
				DEBUG_INFORMATION_FORMAT = dwarf;
				ENABLE_STRICT_OBJC_MSGSEND = YES;
				ENABLE_TESTABILITY = YES;
				GCC_C_LANGUAGE_STANDARD = gnu11;
				GCC_DYNAMIC_NO_PIC = NO;
				GCC_NO_COMMON_BLOCKS = YES;
				GCC_OPTIMIZATION_LEVEL = 0;
				GCC_PREPROCESSOR_DEFINITIONS = (
					"DEBUG=1",
					"$(inherited)",
				);
				GCC_WARN_64_TO_32_BIT_CONVERSION = YES;
				GCC_WARN_ABOUT_RETURN_TYPE = YES_ERROR;
				GCC_WARN_UNDECLARED_SELECTOR = YES;
				GCC_WARN_UNINITIALIZED_AUTOS = YES_AGGRESSIVE;
				GCC_WARN_UNUSED_FUNCTION = YES;
				GCC_WARN_UNUSED_VARIABLE = YES;
				IPHONEOS_DEPLOYMENT_TARGET = 16.4;
				MTL_ENABLE_DEBUG_INFO = INCLUDE_SOURCE;
				MTL_FAST_MATH = YES;
				ONLY_ACTIVE_ARCH = YES;
				SDKROOT = iphoneos;
				SWIFT_ACTIVE_COMPILATION_CONDITIONS = DEBUG;
				SWIFT_OPTIMIZATION_LEVEL = "-Onone";
			};
			name = Debug;
		};
		A58CB8502AABB8DB00174E4C /* Release */ = {
			isa = XCBuildConfiguration;
			buildSettings = {
				ALWAYS_SEARCH_USER_PATHS = NO;
				CLANG_ANALYZER_NONNULL = YES;
				CLANG_ANALYZER_NUMBER_OBJECT_CONVERSION = YES_AGGRESSIVE;
				CLANG_CXX_LANGUAGE_STANDARD = "gnu++20";
				CLANG_ENABLE_MODULES = YES;
				CLANG_ENABLE_OBJC_ARC = YES;
				CLANG_ENABLE_OBJC_WEAK = YES;
				CLANG_WARN_BLOCK_CAPTURE_AUTORELEASING = YES;
				CLANG_WARN_BOOL_CONVERSION = YES;
				CLANG_WARN_COMMA = YES;
				CLANG_WARN_CONSTANT_CONVERSION = YES;
				CLANG_WARN_DEPRECATED_OBJC_IMPLEMENTATIONS = YES;
				CLANG_WARN_DIRECT_OBJC_ISA_USAGE = YES_ERROR;
				CLANG_WARN_DOCUMENTATION_COMMENTS = YES;
				CLANG_WARN_EMPTY_BODY = YES;
				CLANG_WARN_ENUM_CONVERSION = YES;
				CLANG_WARN_INFINITE_RECURSION = YES;
				CLANG_WARN_INT_CONVERSION = YES;
				CLANG_WARN_NON_LITERAL_NULL_CONVERSION = YES;
				CLANG_WARN_OBJC_IMPLICIT_RETAIN_SELF = YES;
				CLANG_WARN_OBJC_LITERAL_CONVERSION = YES;
				CLANG_WARN_OBJC_ROOT_CLASS = YES_ERROR;
				CLANG_WARN_QUOTED_INCLUDE_IN_FRAMEWORK_HEADER = YES;
				CLANG_WARN_RANGE_LOOP_ANALYSIS = YES;
				CLANG_WARN_STRICT_PROTOTYPES = YES;
				CLANG_WARN_SUSPICIOUS_MOVE = YES;
				CLANG_WARN_UNGUARDED_AVAILABILITY = YES_AGGRESSIVE;
				CLANG_WARN_UNREACHABLE_CODE = YES;
				CLANG_WARN__DUPLICATE_METHOD_MATCH = YES;
				COPY_PHASE_STRIP = NO;
				DEBUG_INFORMATION_FORMAT = "dwarf-with-dsym";
				ENABLE_NS_ASSERTIONS = NO;
				ENABLE_STRICT_OBJC_MSGSEND = YES;
				GCC_C_LANGUAGE_STANDARD = gnu11;
				GCC_NO_COMMON_BLOCKS = YES;
				GCC_WARN_64_TO_32_BIT_CONVERSION = YES;
				GCC_WARN_ABOUT_RETURN_TYPE = YES_ERROR;
				GCC_WARN_UNDECLARED_SELECTOR = YES;
				GCC_WARN_UNINITIALIZED_AUTOS = YES_AGGRESSIVE;
				GCC_WARN_UNUSED_FUNCTION = YES;
				GCC_WARN_UNUSED_VARIABLE = YES;
				IPHONEOS_DEPLOYMENT_TARGET = 16.4;
				MTL_ENABLE_DEBUG_INFO = NO;
				MTL_FAST_MATH = YES;
				SDKROOT = iphoneos;
				SWIFT_COMPILATION_MODE = wholemodule;
				SWIFT_OPTIMIZATION_LEVEL = "-O";
				VALIDATE_PRODUCT = YES;
			};
			name = Release;
		};
		A58CB8522AABB8DB00174E4C /* Debug */ = {
			isa = XCBuildConfiguration;
			buildSettings = {
				ASSETCATALOG_COMPILER_APPICON_NAME = AppIcon;
				ASSETCATALOG_COMPILER_GLOBAL_ACCENT_COLOR_NAME = AccentColor;
				CODE_SIGN_STYLE = Automatic;
				CURRENT_PROJECT_VERSION = 1;
				DEVELOPMENT_TEAM = V4APKTMRAM;
				GENERATE_INFOPLIST_FILE = YES;
				INFOPLIST_FILE = ReactionTest/Info.plist;
				INFOPLIST_KEY_UIApplicationSupportsIndirectInputEvents = YES;
				INFOPLIST_KEY_UILaunchStoryboardName = LaunchScreen;
				INFOPLIST_KEY_UIStatusBarStyle = "";
				INFOPLIST_KEY_UISupportedInterfaceOrientations = UIInterfaceOrientationPortrait;
				INFOPLIST_KEY_UISupportedInterfaceOrientations_iPad = "UIInterfaceOrientationLandscapeLeft UIInterfaceOrientationLandscapeRight UIInterfaceOrientationPortrait UIInterfaceOrientationPortraitUpsideDown";
				IPHONEOS_DEPLOYMENT_TARGET = 15.5;
				LD_RUNPATH_SEARCH_PATHS = (
					"$(inherited)",
					"@executable_path/Frameworks",
				);
				MARKETING_VERSION = 1.0;
				PRODUCT_BUNDLE_IDENTIFIER = slm.ReactionTest;
				PRODUCT_NAME = "$(TARGET_NAME)";
				SUPPORTED_PLATFORMS = "iphoneos iphonesimulator";
				SUPPORTS_MACCATALYST = NO;
				SUPPORTS_MAC_DESIGNED_FOR_IPHONE_IPAD = NO;
				SWIFT_EMIT_LOC_STRINGS = YES;
				SWIFT_VERSION = 5.0;
				TARGETED_DEVICE_FAMILY = 1;
			};
			name = Debug;
		};
		A58CB8532AABB8DB00174E4C /* Release */ = {
			isa = XCBuildConfiguration;
			buildSettings = {
				ASSETCATALOG_COMPILER_APPICON_NAME = AppIcon;
				ASSETCATALOG_COMPILER_GLOBAL_ACCENT_COLOR_NAME = AccentColor;
				CODE_SIGN_STYLE = Automatic;
				CURRENT_PROJECT_VERSION = 1;
				DEVELOPMENT_TEAM = V4APKTMRAM;
				GENERATE_INFOPLIST_FILE = YES;
				INFOPLIST_FILE = ReactionTest/Info.plist;
				INFOPLIST_KEY_UIApplicationSupportsIndirectInputEvents = YES;
				INFOPLIST_KEY_UILaunchStoryboardName = LaunchScreen;
				INFOPLIST_KEY_UIStatusBarStyle = "";
				INFOPLIST_KEY_UISupportedInterfaceOrientations = UIInterfaceOrientationPortrait;
				INFOPLIST_KEY_UISupportedInterfaceOrientations_iPad = "UIInterfaceOrientationLandscapeLeft UIInterfaceOrientationLandscapeRight UIInterfaceOrientationPortrait UIInterfaceOrientationPortraitUpsideDown";
				IPHONEOS_DEPLOYMENT_TARGET = 15.5;
				LD_RUNPATH_SEARCH_PATHS = (
					"$(inherited)",
					"@executable_path/Frameworks",
				);
				MARKETING_VERSION = 1.0;
				PRODUCT_BUNDLE_IDENTIFIER = slm.ReactionTest;
				PRODUCT_NAME = "$(TARGET_NAME)";
				SUPPORTED_PLATFORMS = "iphoneos iphonesimulator";
				SUPPORTS_MACCATALYST = NO;
				SUPPORTS_MAC_DESIGNED_FOR_IPHONE_IPAD = NO;
				SWIFT_EMIT_LOC_STRINGS = YES;
				SWIFT_VERSION = 5.0;
				TARGETED_DEVICE_FAMILY = 1;
			};
			name = Release;
		};
/* End XCBuildConfiguration section */

/* Begin XCConfigurationList section */
		A58CB8352AABB8D200174E4C /* Build configuration list for PBXProject "ReactionTest" */ = {
			isa = XCConfigurationList;
			buildConfigurations = (
				A58CB84F2AABB8DB00174E4C /* Debug */,
				A58CB8502AABB8DB00174E4C /* Release */,
			);
			defaultConfigurationIsVisible = 0;
			defaultConfigurationName = Release;
		};
		A58CB8512AABB8DB00174E4C /* Build configuration list for PBXNativeTarget "ReactionTest" */ = {
			isa = XCConfigurationList;
			buildConfigurations = (
				A58CB8522AABB8DB00174E4C /* Debug */,
				A58CB8532AABB8DB00174E4C /* Release */,
			);
			defaultConfigurationIsVisible = 0;
			defaultConfigurationName = Release;
		};
/* End XCConfigurationList section */

/* Begin XCVersionGroup section */
		A58CB8462AABB8D200174E4C /* ReactionTest.xcdatamodeld */ = {
			isa = XCVersionGroup;
			children = (
				A58CB8472AABB8D200174E4C /* ReactionTest.xcdatamodel */,
			);
			currentVersion = A58CB8472AABB8D200174E4C /* ReactionTest.xcdatamodel */;
			path = ReactionTest.xcdatamodeld;
			sourceTree = "<group>";
			versionGroupType = wrapper.xcdatamodel;
		};
/* End XCVersionGroup section */
	};
	rootObject = A58CB8322AABB8D200174E4C /* Project object */;
}
